github.com/Jeffail/gabs v1.2.0 h1:uFhoIVTtsX7hV2RxNgWad8gMU+8OJdzFbOathJdhD3o=
github.com/Jeffail/gabs v1.2.0/go.mod h1:6xMvQMK4k33lb7GUUpaAPh6nKMmemQeg5d4gn7/bOXc=
github.com/aws/aws-lambda-go v1.8.1/go.mod h1:zUsUQhAUjYzR8AuduJPCfhBuKWUaDbQiPOG+ouzmE1A=
github.com/aws/aws-lambda-go v1.8.2 h1:wC8KcAG9HyVkFjbKQ9uhp87UGZutlPn9IJPq9fYM2BQ=
github.com/aws/aws-lambda-go v1.8.2/go.mod h1:zUsUQhAUjYzR8AuduJPCfhBuKWUaDbQiPOG+ouzmE1A=
github.com/lib/pq v1.0.0 h1:X5PMW56eZitiTeO7tKzZxFCSpbFZJtkMMooicw2us9A=
github.com/lib/pq v1.0.0/go.mod h1:5WUZQaWbwv1U+lTReE5YruASi9Al49XbQIvNi/34Woo=
